
Microsoft Visual Studio Solution File, Format Version 12.00
# Visual Studio Version 17
VisualStudioVersion = 17.2.32526.322
MinimumVisualStudioVersion = 10.0.40219.1
Project("{FAE04EC0-301F-11D3-BF4B-00C04F79EFBC}") = "CandidateTest", "CandidateTest\CandidateTest.csproj", "{43782862-BCBD-4795-A543-578A5AE52336}"
EndProject
Project("{FAE04EC0-301F-11D3-BF4B-00C04F79EFBC}") = "Tests", "Tests\Tests.csproj", "{C548F121-87F3-40A1-8F66-D73548B2F263}"
EndProject
Global
	GlobalSection(SolutionConfigurationPlatforms) = preSolution
		Debug|Any CPU = Debug|Any CPU
		Release|Any CPU = Release|Any CPU
	EndGlobalSection
	GlobalSection(ProjectConfigurationPlatforms) = postSolution
		{43782862-BCBD-4795-A543-578A5AE52336}.Debug|Any CPU.ActiveCfg = Debug|Any CPU
		{43782862-BCBD-4795-A543-578A5AE52336}.Debug|Any CPU.Build.0 = Debug|Any CPU
		{43782862-BCBD-4795-A543-578A5AE52336}.Release|Any CPU.ActiveCfg = Release|Any CPU
		{43782862-BCBD-4795-A543-578A5AE52336}.Release|Any CPU.Build.0 = Release|Any CPU
		{C548F121-87F3-40A1-8F66-D73548B2F263}.Debug|Any CPU.ActiveCfg = Debug|Any CPU
		{C548F121-87F3-40A1-8F66-D73548B2F263}.Debug|Any CPU.Build.0 = Debug|Any CPU
		{C548F121-87F3-40A1-8F66-D73548B2F263}.Release|Any CPU.ActiveCfg = Release|Any CPU
		{C548F121-87F3-40A1-8F66-D73548B2F263}.Release|Any CPU.Build.0 = Release|Any CPU
	EndGlobalSection
	GlobalSection(SolutionProperties) = preSolution
		HideSolutionNode = FALSE
	EndGlobalSection
	GlobalSection(ExtensibilityGlobals) = postSolution
		SolutionGuid = {A4E00AB8-C352-4CD1-B51D-D9F73DB9AAEF}
	EndGlobalSection
EndGlobal
